# This file is generated by running "yarn install" inside your project.
# Manual changes might be lost - proceed with caution!

__metadata:
  version: 4

"@workspace-a/package-a@workspace:workspace-a/packages/package-a":
  version: 0.0.0-use.local
  resolution: "@workspace-a/package-a@workspace:workspace-a/packages/package-a"
  languageName: unknown
  linkType: soft

"@workspace-a/package-b@workspace:workspace-a/packages/package-b":
  version: 0.0.0-use.local
  resolution: "@workspace-a/package-b@workspace:workspace-a/packages/package-b"
  languageName: unknown
  linkType: soft

"@workspace-a/package-private@workspace:workspace-a/packages/package-private":
  version: 0.0.0-use.local
  resolution: "@workspace-a/package-private@workspace:workspace-a/packages/package-private"
  languageName: unknown
  linkType: soft

"@workspace-a/worktree@workspace:workspace-a":
  version: 0.0.0-use.local
  resolution: "@workspace-a/worktree@workspace:workspace-a"
  languageName: unknown
  linkType: soft

"@workspace-b/package-a@workspace:workspace-b/package-a":
  version: 0.0.0-use.local
  resolution: "@workspace-b/package-a@workspace:workspace-b/package-a"
  languageName: unknown
  linkType: soft

"@workspace-b/package-b@workspace:workspace-b/package-b":
  version: 0.0.0-use.local
  resolution: "@workspace-b/package-b@workspace:workspace-b/package-b"
  languageName: unknown
  linkType: soft

"@workspace-b/worktree@workspace:workspace-b":
  version: 0.0.0-use.local
  resolution: "@workspace-b/worktree@workspace:workspace-b"
  languageName: unknown
  linkType: soft

"@yarn-v2/worktree@workspace:.":
  version: 0.0.0-use.local
  resolution: "@yarn-v2/worktree@workspace:."
  languageName: unknown
  linkType: soft
